{
  "version": 4,
  "terraform_version": "1.12.2",
  "serial": 16,
  "lineage": "4ef3ef55-d21f-0cf1-353f-1ced1f67d44c",
  "outputs": {
    "healthz_url": {
      "value": "http://localhost:8080/healthz",
      "type": "string"
    },
    "nginx_container_name": {
      "value": "sysadmin-infra_nginx",
      "type": "string"
    },
    "php_container_name": {
      "value": "sysadmin-infra_php",
      "type": "string"
    }
  },
  "resources": [
    {
      "mode": "managed",
      "type": "docker_network",
      "name": "sysadmin-net",
      "provider": "provider[\"registry.terraform.io/kreuzwerker/docker\"]",
      "instances": [
        {
          "schema_version": 1,
          "attributes": {
            "attachable": false,
            "check_duplicate": null,
            "driver": "bridge",
            "id": "a97d37f244feb6d2000cce2a7ab23b5816c115013235881ee825f4443348e3e6",
            "ingress": false,
            "internal": false,
            "ipam_config": [
              {
                "aux_address": {},
                "gateway": "172.21.0.1",
                "ip_range": "",
                "subnet": "172.21.0.0/16"
              }
            ],
            "ipam_driver": "default",
            "ipam_options": null,
            "ipv6": false,
            "labels": [],
            "name": "sysadmin-net",
            "options": {},
            "scope": "local"
          },
          "sensitive_attributes": [],
          "identity_schema_version": 0,
          "private": "eyJzY2hlbWFfdmVyc2lvbiI6IjEifQ=="
        }
      ]
    },
    {
      "mode": "managed",
      "type": "docker_volume",
      "name": "web-data",
      "provider": "provider[\"registry.terraform.io/kreuzwerker/docker\"]",
      "instances": [
        {
          "schema_version": 1,
          "attributes": {
            "driver": "local",
            "driver_opts": {},
            "id": "web-data",
            "labels": [],
            "mountpoint": "/var/lib/docker/volumes/web-data/_data",
            "name": "web-data"
          },
          "sensitive_attributes": [],
          "identity_schema_version": 0,
          "private": "eyJzY2hlbWFfdmVyc2lvbiI6IjEifQ=="
        }
      ]
    }
  ],
  "check_results": null
}
